
Microsoft Visual Studio Solution File, Format Version 12.00
# Visual Studio Version 17
VisualStudioVersion = 17.4.33122.133
MinimumVisualStudioVersion = 10.0.40219.1
Project("{9A19103F-16F7-4668-BE54-9A1E7A4F7556}") = "Server", "Server\Server.csproj", "{F011D8C9-7EEB-4F1D-8898-D083A5D53EC3}"
EndProject
Project("{FAE04EC0-301F-11D3-BF4B-00C04F79EFBC}") = "DB", "DB\DB.csproj", "{482B0733-1B6F-4CC8-952E-31BB78838AB5}"
EndProject
Global
	GlobalSection(SolutionConfigurationPlatforms) = preSolution
		Debug|Any CPU = Debug|Any CPU
		Release|Any CPU = Release|Any CPU
	EndGlobalSection
	GlobalSection(ProjectConfigurationPlatforms) = postSolution
		{F011D8C9-7EEB-4F1D-8898-D083A5D53EC3}.Debug|Any CPU.ActiveCfg = Debug|Any CPU
		{F011D8C9-7EEB-4F1D-8898-D083A5D53EC3}.Debug|Any CPU.Build.0 = Debug|Any CPU
		{F011D8C9-7EEB-4F1D-8898-D083A5D53EC3}.Release|Any CPU.ActiveCfg = Release|Any CPU
		{F011D8C9-7EEB-4F1D-8898-D083A5D53EC3}.Release|Any CPU.Build.0 = Release|Any CPU
		{482B0733-1B6F-4CC8-952E-31BB78838AB5}.Debug|Any CPU.ActiveCfg = Debug|Any CPU
		{482B0733-1B6F-4CC8-952E-31BB78838AB5}.Debug|Any CPU.Build.0 = Debug|Any CPU
		{482B0733-1B6F-4CC8-952E-31BB78838AB5}.Release|Any CPU.ActiveCfg = Release|Any CPU
		{482B0733-1B6F-4CC8-952E-31BB78838AB5}.Release|Any CPU.Build.0 = Release|Any CPU
	EndGlobalSection
	GlobalSection(SolutionProperties) = preSolution
		HideSolutionNode = FALSE
	EndGlobalSection
	GlobalSection(ExtensibilityGlobals) = postSolution
		SolutionGuid = {1F270E97-59B4-44ED-BFD8-EBE29A0B5972}
	EndGlobalSection
EndGlobal
